// !$*UTF8*$!
{
	archiveVersion = 1;
	classes = {
	};
	objectVersion = 56;
	objects = {

/* Begin PBXBuildFile section */
		0413BCBD2A0E2BD700D98C3E /* AppDelegate.swift in Sources */ = {isa = PBXBuildFile; fileRef = 0413BCBC2A0E2BD700D98C3E /* AppDelegate.swift */; };
		0413BCBF2A0E2BD700D98C3E /* SceneDelegate.swift in Sources */ = {isa = PBXBuildFile; fileRef = 0413BCBE2A0E2BD700D98C3E /* SceneDelegate.swift */; };
		0413BCC12A0E2BD700D98C3E /* HomeViewController.swift in Sources */ = {isa = PBXBuildFile; fileRef = 0413BCC02A0E2BD700D98C3E /* HomeViewController.swift */; };
		0413BCC42A0E2BD700D98C3E /* Main.storyboard in Resources */ = {isa = PBXBuildFile; fileRef = 0413BCC22A0E2BD700D98C3E /* Main.storyboard */; };
		0413BCC62A0E2BDA00D98C3E /* Assets.xcassets in Resources */ = {isa = PBXBuildFile; fileRef = 0413BCC52A0E2BDA00D98C3E /* Assets.xcassets */; };
		0413BCC92A0E2BDA00D98C3E /* LaunchScreen.storyboard in Resources */ = {isa = PBXBuildFile; fileRef = 0413BCC72A0E2BDA00D98C3E /* LaunchScreen.storyboard */; };
		048680A52A1CD3B80042116A /* SQLite in Frameworks */ = {isa = PBXBuildFile; productRef = 048680A42A1CD3B80042116A /* SQLite */; };
		048680A72A1CD4AB0042116A /* DatabaseHelper.swift in Sources */ = {isa = PBXBuildFile; fileRef = 048680A62A1CD4AB0042116A /* DatabaseHelper.swift */; };
		0487435C2A25ECB000932A61 /* propiedades.json in Resources */ = {isa = PBXBuildFile; fileRef = 0487435B2A25ECB000932A61 /* propiedades.json */; };
		04874C182A29EC620049ECCE /* SwiftyGif in Frameworks */ = {isa = PBXBuildFile; productRef = 04874C172A29EC620049ECCE /* SwiftyGif */; };
		04874C1A2A29ECF00049ECCE /* Loading_icon.gif in Resources */ = {isa = PBXBuildFile; fileRef = 04874C192A29ECF00049ECCE /* Loading_icon.gif */; };
		048A00622A152F5B006026F8 /* CheatyXML.framework in Frameworks */ = {isa = PBXBuildFile; fileRef = 048A005E2A152D84006026F8 /* CheatyXML.framework */; };
		048A00632A152F5B006026F8 /* CheatyXML.framework in Embed Frameworks */ = {isa = PBXBuildFile; fileRef = 048A005E2A152D84006026F8 /* CheatyXML.framework */; settings = {ATTRIBUTES = (CodeSignOnCopy, RemoveHeadersOnCopy, ); }; };
		048A7F8A2A1F72320069ED9E /* Localizable.strings in Resources */ = {isa = PBXBuildFile; fileRef = 048A7F8C2A1F72320069ED9E /* Localizable.strings */; };
		048CCD0E2A1642C500742DC4 /* SDWebImage in Frameworks */ = {isa = PBXBuildFile; productRef = 048CCD0D2A1642C500742DC4 /* SDWebImage */; };
		048CCD102A1642C500742DC4 /* SDWebImageMapKit in Frameworks */ = {isa = PBXBuildFile; productRef = 048CCD0F2A1642C500742DC4 /* SDWebImageMapKit */; };
		048DB52D2A1238E800419166 /* BusquedaViewController.swift in Sources */ = {isa = PBXBuildFile; fileRef = 048DB52C2A1238E800419166 /* BusquedaViewController.swift */; };
		048DB52F2A12392400419166 /* AnuncioViewController.swift in Sources */ = {isa = PBXBuildFile; fileRef = 048DB52E2A12392400419166 /* AnuncioViewController.swift */; };
		0492D9A22A137CB6009329AC /* Propiedad.swift in Sources */ = {isa = PBXBuildFile; fileRef = 0492D9A12A137CB6009329AC /* Propiedad.swift */; };
		0492D9A42A139D37009329AC /* BusquedaTableViewCellController.swift in Sources */ = {isa = PBXBuildFile; fileRef = 0492D9A32A139D37009329AC /* BusquedaTableViewCellController.swift */; };
/* End PBXBuildFile section */

/* Begin PBXContainerItemProxy section */
		048A00522A152C67006026F8 /* PBXContainerItemProxy */ = {
			isa = PBXContainerItemProxy;
			containerPortal = 048A004D2A152C67006026F8 /* CheatyXML.xcodeproj */;
			proxyType = 2;
			remoteGlobalIDString = 486D487B1AB4A19D004F6258;
			remoteInfo = CheatyXML;
		};
		048A00542A152C67006026F8 /* PBXContainerItemProxy */ = {
			isa = PBXContainerItemProxy;
			containerPortal = 048A004D2A152C67006026F8 /* CheatyXML.xcodeproj */;
			proxyType = 2;
			remoteGlobalIDString = 486D48861AB4A19D004F6258;
			remoteInfo = CheatyXMLTests;
		};
		048A005D2A152D84006026F8 /* PBXContainerItemProxy */ = {
			isa = PBXContainerItemProxy;
			containerPortal = 048A00582A152D84006026F8 /* CheatyXML.xcodeproj */;
			proxyType = 2;
			remoteGlobalIDString = 486D487B1AB4A19D004F6258;
			remoteInfo = CheatyXML;
		};
		048A005F2A152D84006026F8 /* PBXContainerItemProxy */ = {
			isa = PBXContainerItemProxy;
			containerPortal = 048A00582A152D84006026F8 /* CheatyXML.xcodeproj */;
			proxyType = 2;
			remoteGlobalIDString = 486D48861AB4A19D004F6258;
			remoteInfo = CheatyXMLTests;
		};
/* End PBXContainerItemProxy section */

/* Begin PBXCopyFilesBuildPhase section */
		048A00642A152F5B006026F8 /* Embed Frameworks */ = {
			isa = PBXCopyFilesBuildPhase;
			buildActionMask = 2147483647;
			dstPath = "";
			dstSubfolderSpec = 10;
			files = (
				048A00632A152F5B006026F8 /* CheatyXML.framework in Embed Frameworks */,
			);
			name = "Embed Frameworks";
			runOnlyForDeploymentPostprocessing = 0;
		};
/* End PBXCopyFilesBuildPhase section */

/* Begin PBXFileReference section */
		0413BCB92A0E2BD700D98C3E /* avilesnorling.app */ = {isa = PBXFileReference; explicitFileType = wrapper.application; includeInIndex = 0; path = avilesnorling.app; sourceTree = BUILT_PRODUCTS_DIR; };
		0413BCBC2A0E2BD700D98C3E /* AppDelegate.swift */ = {isa = PBXFileReference; lastKnownFileType = sourcecode.swift; path = AppDelegate.swift; sourceTree = "<group>"; };
		0413BCBE2A0E2BD700D98C3E /* SceneDelegate.swift */ = {isa = PBXFileReference; lastKnownFileType = sourcecode.swift; path = SceneDelegate.swift; sourceTree = "<group>"; };
		0413BCC02A0E2BD700D98C3E /* HomeViewController.swift */ = {isa = PBXFileReference; lastKnownFileType = sourcecode.swift; path = HomeViewController.swift; sourceTree = "<group>"; };
		0413BCC32A0E2BD700D98C3E /* Base */ = {isa = PBXFileReference; lastKnownFileType = file.storyboard; name = Base; path = Base.lproj/Main.storyboard; sourceTree = "<group>"; };
		0413BCC52A0E2BDA00D98C3E /* Assets.xcassets */ = {isa = PBXFileReference; lastKnownFileType = folder.assetcatalog; path = Assets.xcassets; sourceTree = "<group>"; };
		0413BCC82A0E2BDA00D98C3E /* Base */ = {isa = PBXFileReference; lastKnownFileType = file.storyboard; name = Base; path = Base.lproj/LaunchScreen.storyboard; sourceTree = "<group>"; };
		0413BCCA2A0E2BDA00D98C3E /* Info.plist */ = {isa = PBXFileReference; lastKnownFileType = text.plist.xml; path = Info.plist; sourceTree = "<group>"; };
		048680A62A1CD4AB0042116A /* DatabaseHelper.swift */ = {isa = PBXFileReference; lastKnownFileType = sourcecode.swift; path = DatabaseHelper.swift; sourceTree = "<group>"; };
		0487435B2A25ECB000932A61 /* propiedades.json */ = {isa = PBXFileReference; fileEncoding = 4; lastKnownFileType = text.json; name = propiedades.json; path = ../../../../Downloads/propiedades.json; sourceTree = "<group>"; };
		04874C192A29ECF00049ECCE /* Loading_icon.gif */ = {isa = PBXFileReference; lastKnownFileType = image.gif; name = Loading_icon.gif; path = ../../../../Downloads/Loading_icon.gif; sourceTree = "<group>"; };
		048A004D2A152C67006026F8 /* CheatyXML.xcodeproj */ = {isa = PBXFileReference; lastKnownFileType = "wrapper.pb-project"; name = CheatyXML.xcodeproj; path = "../../../../Downloads/CheatyXML-master/CheatyXML.xcodeproj"; sourceTree = "<group>"; };
		048A00582A152D84006026F8 /* CheatyXML.xcodeproj */ = {isa = PBXFileReference; lastKnownFileType = "wrapper.pb-project"; name = CheatyXML.xcodeproj; path = "../../../../../Downloads/CheatyXML-master/CheatyXML.xcodeproj"; sourceTree = "<group>"; };
		048A7F7A2A1F6D0C0069ED9E /* es */ = {isa = PBXFileReference; lastKnownFileType = text.plist.strings; name = es; path = es.lproj/Main.strings; sourceTree = "<group>"; };
		048A7F7B2A1F6D0C0069ED9E /* es */ = {isa = PBXFileReference; lastKnownFileType = text.plist.strings; name = es; path = es.lproj/LaunchScreen.strings; sourceTree = "<group>"; };
		048A7F7C2A1F6D2A0069ED9E /* de */ = {isa = PBXFileReference; lastKnownFileType = text.plist.strings; name = de; path = de.lproj/Main.strings; sourceTree = "<group>"; };
		048A7F7D2A1F6D2A0069ED9E /* de */ = {isa = PBXFileReference; lastKnownFileType = text.plist.strings; name = de; path = de.lproj/LaunchScreen.strings; sourceTree = "<group>"; };
		048A7F802A1F6D540069ED9E /* fr */ = {isa = PBXFileReference; lastKnownFileType = text.plist.strings; name = fr; path = fr.lproj/Main.strings; sourceTree = "<group>"; };
		048A7F812A1F6D550069ED9E /* fr */ = {isa = PBXFileReference; lastKnownFileType = text.plist.strings; name = fr; path = fr.lproj/LaunchScreen.strings; sourceTree = "<group>"; };
		048A7F822A1F6D630069ED9E /* sv */ = {isa = PBXFileReference; lastKnownFileType = text.plist.strings; name = sv; path = sv.lproj/Main.strings; sourceTree = "<group>"; };
		048A7F832A1F6D630069ED9E /* sv */ = {isa = PBXFileReference; lastKnownFileType = text.plist.strings; name = sv; path = sv.lproj/LaunchScreen.strings; sourceTree = "<group>"; };
		048A7F862A1F71910069ED9E /* en */ = {isa = PBXFileReference; lastKnownFileType = text.plist.strings; name = en; path = en.lproj/Main.strings; sourceTree = "<group>"; };
		048A7F872A1F71910069ED9E /* en */ = {isa = PBXFileReference; lastKnownFileType = text.plist.strings; name = en; path = en.lproj/LaunchScreen.strings; sourceTree = "<group>"; };
		048A7F8B2A1F72320069ED9E /* es */ = {isa = PBXFileReference; lastKnownFileType = text.plist.strings; name = es; path = es.lproj/Localizable.strings; sourceTree = "<group>"; };
		048A7F8D2A1F725B0069ED9E /* en */ = {isa = PBXFileReference; lastKnownFileType = text.plist.strings; name = en; path = en.lproj/Localizable.strings; sourceTree = "<group>"; };
		048A7F8E2A1F725C0069ED9E /* fr */ = {isa = PBXFileReference; lastKnownFileType = text.plist.strings; name = fr; path = fr.lproj/Localizable.strings; sourceTree = "<group>"; };
		048A7F8F2A1F725F0069ED9E /* de */ = {isa = PBXFileReference; lastKnownFileType = text.plist.strings; name = de; path = de.lproj/Localizable.strings; sourceTree = "<group>"; };
		048A7F902A1F72600069ED9E /* sv */ = {isa = PBXFileReference; lastKnownFileType = text.plist.strings; name = sv; path = sv.lproj/Localizable.strings; sourceTree = "<group>"; };
		048DB52C2A1238E800419166 /* BusquedaViewController.swift */ = {isa = PBXFileReference; lastKnownFileType = sourcecode.swift; path = BusquedaViewController.swift; sourceTree = "<group>"; };
		048DB52E2A12392400419166 /* AnuncioViewController.swift */ = {isa = PBXFileReference; lastKnownFileType = sourcecode.swift; path = AnuncioViewController.swift; sourceTree = "<group>"; };
		0492D9A12A137CB6009329AC /* Propiedad.swift */ = {isa = PBXFileReference; lastKnownFileType = sourcecode.swift; path = Propiedad.swift; sourceTree = "<group>"; };
		0492D9A32A139D37009329AC /* BusquedaTableViewCellController.swift */ = {isa = PBXFileReference; lastKnownFileType = sourcecode.swift; path = BusquedaTableViewCellController.swift; sourceTree = "<group>"; };
/* End PBXFileReference section */

/* Begin PBXFrameworksBuildPhase section */
		0413BCB62A0E2BD700D98C3E /* Frameworks */ = {
			isa = PBXFrameworksBuildPhase;
			buildActionMask = 2147483647;
			files = (
				048680A52A1CD3B80042116A /* SQLite in Frameworks */,
				048CCD0E2A1642C500742DC4 /* SDWebImage in Frameworks */,
				048CCD102A1642C500742DC4 /* SDWebImageMapKit in Frameworks */,
				048A00622A152F5B006026F8 /* CheatyXML.framework in Frameworks */,
				04874C182A29EC620049ECCE /* SwiftyGif in Frameworks */,
			);
			runOnlyForDeploymentPostprocessing = 0;
		};
/* End PBXFrameworksBuildPhase section */

/* Begin PBXGroup section */
		0413BCB02A0E2BD700D98C3E = {
			isa = PBXGroup;
			children = (
				0413BCBB2A0E2BD700D98C3E /* avilesnorling */,
				0413BCBA2A0E2BD700D98C3E /* Products */,
				048A00612A152F5A006026F8 /* Frameworks */,
			);
			sourceTree = "<group>";
		};
		0413BCBA2A0E2BD700D98C3E /* Products */ = {
			isa = PBXGroup;
			children = (
				0413BCB92A0E2BD700D98C3E /* avilesnorling.app */,
			);
			name = Products;
			sourceTree = "<group>";
		};
		0413BCBB2A0E2BD700D98C3E /* avilesnorling */ = {
			isa = PBXGroup;
			children = (
				048A00572A152D79006026F8 /* Submodules */,
				0413BCBC2A0E2BD700D98C3E /* AppDelegate.swift */,
				0413BCBE2A0E2BD700D98C3E /* SceneDelegate.swift */,
				048DB52E2A12392400419166 /* AnuncioViewController.swift */,
				048DB52C2A1238E800419166 /* BusquedaViewController.swift */,
				0492D9A32A139D37009329AC /* BusquedaTableViewCellController.swift */,
				0413BCC02A0E2BD700D98C3E /* HomeViewController.swift */,
				0492D9A12A137CB6009329AC /* Propiedad.swift */,
				048680A62A1CD4AB0042116A /* DatabaseHelper.swift */,
				04874C192A29ECF00049ECCE /* Loading_icon.gif */,
				0487435B2A25ECB000932A61 /* propiedades.json */,
				048A7F8C2A1F72320069ED9E /* Localizable.strings */,
				0413BCC22A0E2BD700D98C3E /* Main.storyboard */,
				0413BCC52A0E2BDA00D98C3E /* Assets.xcassets */,
				0413BCC72A0E2BDA00D98C3E /* LaunchScreen.storyboard */,
				0413BCCA2A0E2BDA00D98C3E /* Info.plist */,
				048A004D2A152C67006026F8 /* CheatyXML.xcodeproj */,
			);
			path = avilesnorling;
			sourceTree = "<group>";
		};
		048A004E2A152C67006026F8 /* Products */ = {
			isa = PBXGroup;
			children = (
				048A00532A152C67006026F8 /* CheatyXML.framework */,
				048A00552A152C67006026F8 /* CheatyXMLTests.xctest */,
			);
			name = Products;
			sourceTree = "<group>";
		};
		048A00572A152D79006026F8 /* Submodules */ = {
			isa = PBXGroup;
			children = (
				048A00582A152D84006026F8 /* CheatyXML.xcodeproj */,
			);
			path = Submodules;
			sourceTree = "<group>";
		};
		048A00592A152D84006026F8 /* Products */ = {
			isa = PBXGroup;
			children = (
				048A005E2A152D84006026F8 /* CheatyXML.framework */,
				048A00602A152D84006026F8 /* CheatyXMLTests.xctest */,
			);
			name = Products;
			sourceTree = "<group>";
		};
		048A00612A152F5A006026F8 /* Frameworks */ = {
			isa = PBXGroup;
			children = (
			);
			name = Frameworks;
			sourceTree = "<group>";
		};
/* End PBXGroup section */

/* Begin PBXNativeTarget section */
		0413BCB82A0E2BD700D98C3E /* avilesnorling */ = {
			isa = PBXNativeTarget;
			buildConfigurationList = 0413BCCD2A0E2BDA00D98C3E /* Build configuration list for PBXNativeTarget "avilesnorling" */;
			buildPhases = (
				0413BCB52A0E2BD700D98C3E /* Sources */,
				0413BCB62A0E2BD700D98C3E /* Frameworks */,
				0413BCB72A0E2BD700D98C3E /* Resources */,
				048A00642A152F5B006026F8 /* Embed Frameworks */,
			);
			buildRules = (
			);
			dependencies = (
			);
			name = avilesnorling;
			packageProductDependencies = (
				048CCD0D2A1642C500742DC4 /* SDWebImage */,
				048CCD0F2A1642C500742DC4 /* SDWebImageMapKit */,
				048680A42A1CD3B80042116A /* SQLite */,
				04874C172A29EC620049ECCE /* SwiftyGif */,
			);
			productName = avilesnorling;
			productReference = 0413BCB92A0E2BD700D98C3E /* avilesnorling.app */;
			productType = "com.apple.product-type.application";
		};
/* End PBXNativeTarget section */

/* Begin PBXProject section */
		0413BCB12A0E2BD700D98C3E /* Project object */ = {
			isa = PBXProject;
			attributes = {
				BuildIndependentTargetsInParallel = 1;
				LastSwiftUpdateCheck = 1430;
				LastUpgradeCheck = 1430;
				TargetAttributes = {
					0413BCB82A0E2BD700D98C3E = {
						CreatedOnToolsVersion = 14.3;
					};
				};
			};
			buildConfigurationList = 0413BCB42A0E2BD700D98C3E /* Build configuration list for PBXProject "avilesnorling" */;
			compatibilityVersion = "Xcode 14.0";
			developmentRegion = es;
			hasScannedForEncodings = 0;
			knownRegions = (
				Base,
				es,
				de,
				fr,
				sv,
				en,
			);
			mainGroup = 0413BCB02A0E2BD700D98C3E;
			packageReferences = (
				048CCD0C2A1642C500742DC4 /* XCRemoteSwiftPackageReference "SDWebImage" */,
				048680A32A1CD3B80042116A /* XCRemoteSwiftPackageReference "SQLite.swift" */,
				04874C162A29EC620049ECCE /* XCRemoteSwiftPackageReference "SwiftyGif" */,
			);
			productRefGroup = 0413BCBA2A0E2BD700D98C3E /* Products */;
			projectDirPath = "";
			projectReferences = (
				{
					ProductGroup = 048A00592A152D84006026F8 /* Products */;
					ProjectRef = 048A00582A152D84006026F8 /* CheatyXML.xcodeproj */;
				},
				{
					ProductGroup = 048A004E2A152C67006026F8 /* Products */;
					ProjectRef = 048A004D2A152C67006026F8 /* CheatyXML.xcodeproj */;
				},
			);
			projectRoot = "";
			targets = (
				0413BCB82A0E2BD700D98C3E /* avilesnorling */,
			);
		};
/* End PBXProject section */

/* Begin PBXReferenceProxy section */
		048A00532A152C67006026F8 /* CheatyXML.framework */ = {
			isa = PBXReferenceProxy;
			fileType = wrapper.framework;
			path = CheatyXML.framework;
			remoteRef = 048A00522A152C67006026F8 /* PBXContainerItemProxy */;
			sourceTree = BUILT_PRODUCTS_DIR;
		};
		048A00552A152C67006026F8 /* CheatyXMLTests.xctest */ = {
			isa = PBXReferenceProxy;
			fileType = wrapper.cfbundle;
			path = CheatyXMLTests.xctest;
			remoteRef = 048A00542A152C67006026F8 /* PBXContainerItemProxy */;
			sourceTree = BUILT_PRODUCTS_DIR;
		};
		048A005E2A152D84006026F8 /* CheatyXML.framework */ = {
			isa = PBXReferenceProxy;
			fileType = wrapper.framework;
			path = CheatyXML.framework;
			remoteRef = 048A005D2A152D84006026F8 /* PBXContainerItemProxy */;
			sourceTree = BUILT_PRODUCTS_DIR;
		};
		048A00602A152D84006026F8 /* CheatyXMLTests.xctest */ = {
			isa = PBXReferenceProxy;
			fileType = wrapper.cfbundle;
			path = CheatyXMLTests.xctest;
			remoteRef = 048A005F2A152D84006026F8 /* PBXContainerItemProxy */;
			sourceTree = BUILT_PRODUCTS_DIR;
		};
/* End PBXReferenceProxy section */

/* Begin PBXResourcesBuildPhase section */
		0413BCB72A0E2BD700D98C3E /* Resources */ = {
			isa = PBXResourcesBuildPhase;
			buildActionMask = 2147483647;
			files = (
				04874C1A2A29ECF00049ECCE /* Loading_icon.gif in Resources */,
				0413BCC92A0E2BDA00D98C3E /* LaunchScreen.storyboard in Resources */,
				048A7F8A2A1F72320069ED9E /* Localizable.strings in Resources */,
				0487435C2A25ECB000932A61 /* propiedades.json in Resources */,
				0413BCC62A0E2BDA00D98C3E /* Assets.xcassets in Resources */,
				0413BCC42A0E2BD700D98C3E /* Main.storyboard in Resources */,
			);
			runOnlyForDeploymentPostprocessing = 0;
		};
/* End PBXResourcesBuildPhase section */

/* Begin PBXSourcesBuildPhase section */
		0413BCB52A0E2BD700D98C3E /* Sources */ = {
			isa = PBXSourcesBuildPhase;
			buildActionMask = 2147483647;
			files = (
				048DB52D2A1238E800419166 /* BusquedaViewController.swift in Sources */,
				048680A72A1CD4AB0042116A /* DatabaseHelper.swift in Sources */,
				0492D9A42A139D37009329AC /* BusquedaTableViewCellController.swift in Sources */,
				0492D9A22A137CB6009329AC /* Propiedad.swift in Sources */,
				0413BCC12A0E2BD700D98C3E /* HomeViewController.swift in Sources */,
				0413BCBD2A0E2BD700D98C3E /* AppDelegate.swift in Sources */,
				0413BCBF2A0E2BD700D98C3E /* SceneDelegate.swift in Sources */,
				048DB52F2A12392400419166 /* AnuncioViewController.swift in Sources */,
			);
			runOnlyForDeploymentPostprocessing = 0;
		};
/* End PBXSourcesBuildPhase section */

/* Begin PBXVariantGroup section */
		0413BCC22A0E2BD700D98C3E /* Main.storyboard */ = {
			isa = PBXVariantGroup;
			children = (
				0413BCC32A0E2BD700D98C3E /* Base */,
				048A7F7A2A1F6D0C0069ED9E /* es */,
				048A7F7C2A1F6D2A0069ED9E /* de */,
				048A7F802A1F6D540069ED9E /* fr */,
				048A7F822A1F6D630069ED9E /* sv */,
				048A7F862A1F71910069ED9E /* en */,
			);
			name = Main.storyboard;
			sourceTree = "<group>";
		};
		0413BCC72A0E2BDA00D98C3E /* LaunchScreen.storyboard */ = {
			isa = PBXVariantGroup;
			children = (
				0413BCC82A0E2BDA00D98C3E /* Base */,
				048A7F7B2A1F6D0C0069ED9E /* es */,
				048A7F7D2A1F6D2A0069ED9E /* de */,
				048A7F812A1F6D550069ED9E /* fr */,
				048A7F832A1F6D630069ED9E /* sv */,
				048A7F872A1F71910069ED9E /* en */,
			);
			name = LaunchScreen.storyboard;
			sourceTree = "<group>";
		};
		048A7F8C2A1F72320069ED9E /* Localizable.strings */ = {
			isa = PBXVariantGroup;
			children = (
				048A7F8B2A1F72320069ED9E /* es */,
				048A7F8D2A1F725B0069ED9E /* en */,
				048A7F8E2A1F725C0069ED9E /* fr */,
				048A7F8F2A1F725F0069ED9E /* de */,
				048A7F902A1F72600069ED9E /* sv */,
			);
			name = Localizable.strings;
			sourceTree = "<group>";
		};
/* End PBXVariantGroup section */

/* Begin XCBuildConfiguration section */
		0413BCCB2A0E2BDA00D98C3E /* Debug */ = {
			isa = XCBuildConfiguration;
			buildSettings = {
				ALWAYS_SEARCH_USER_PATHS = NO;
				CLANG_ANALYZER_LOCALIZABILITY_NONLOCALIZED = YES;
				CLANG_ANALYZER_NONNULL = YES;
				CLANG_ANALYZER_NUMBER_OBJECT_CONVERSION = YES_AGGRESSIVE;
				CLANG_CXX_LANGUAGE_STANDARD = "gnu++20";
				CLANG_ENABLE_MODULES = YES;
				CLANG_ENABLE_OBJC_ARC = YES;
				CLANG_ENABLE_OBJC_WEAK = YES;
				CLANG_WARN_BLOCK_CAPTURE_AUTORELEASING = YES;
				CLANG_WARN_BOOL_CONVERSION = YES;
				CLANG_WARN_COMMA = YES;
				CLANG_WARN_CONSTANT_CONVERSION = YES;
				CLANG_WARN_DEPRECATED_OBJC_IMPLEMENTATIONS = YES;
				CLANG_WARN_DIRECT_OBJC_ISA_USAGE = YES_ERROR;
				CLANG_WARN_DOCUMENTATION_COMMENTS = YES;
				CLANG_WARN_EMPTY_BODY = YES;
				CLANG_WARN_ENUM_CONVERSION = YES;
				CLANG_WARN_INFINITE_RECURSION = YES;
				CLANG_WARN_INT_CONVERSION = YES;
				CLANG_WARN_NON_LITERAL_NULL_CONVERSION = YES;
				CLANG_WARN_OBJC_IMPLICIT_RETAIN_SELF = YES;
				CLANG_WARN_OBJC_LITERAL_CONVERSION = YES;
				CLANG_WARN_OBJC_ROOT_CLASS = YES_ERROR;
				CLANG_WARN_QUOTED_INCLUDE_IN_FRAMEWORK_HEADER = YES;
				CLANG_WARN_RANGE_LOOP_ANALYSIS = YES;
				CLANG_WARN_STRICT_PROTOTYPES = YES;
				CLANG_WARN_SUSPICIOUS_MOVE = YES;
				CLANG_WARN_UNGUARDED_AVAILABILITY = YES_AGGRESSIVE;
				CLANG_WARN_UNREACHABLE_CODE = YES;
				CLANG_WARN__DUPLICATE_METHOD_MATCH = YES;
				COPY_PHASE_STRIP = NO;
				DEBUG_INFORMATION_FORMAT = dwarf;
				ENABLE_STRICT_OBJC_MSGSEND = YES;
				ENABLE_TESTABILITY = YES;
				GCC_C_LANGUAGE_STANDARD = gnu11;
				GCC_DYNAMIC_NO_PIC = NO;
				GCC_NO_COMMON_BLOCKS = YES;
				GCC_OPTIMIZATION_LEVEL = 0;
				GCC_PREPROCESSOR_DEFINITIONS = (
					"DEBUG=1",
					"$(inherited)",
				);
				GCC_WARN_64_TO_32_BIT_CONVERSION = YES;
				GCC_WARN_ABOUT_RETURN_TYPE = YES_ERROR;
				GCC_WARN_UNDECLARED_SELECTOR = YES;
				GCC_WARN_UNINITIALIZED_AUTOS = YES_AGGRESSIVE;
				GCC_WARN_UNUSED_FUNCTION = YES;
				GCC_WARN_UNUSED_VARIABLE = YES;
				IPHONEOS_DEPLOYMENT_TARGET = 16.4;
				MTL_ENABLE_DEBUG_INFO = INCLUDE_SOURCE;
				MTL_FAST_MATH = YES;
				ONLY_ACTIVE_ARCH = YES;
				SDKROOT = iphoneos;
				SWIFT_ACTIVE_COMPILATION_CONDITIONS = DEBUG;
				SWIFT_OPTIMIZATION_LEVEL = "-Onone";
			};
			name = Debug;
		};
		0413BCCC2A0E2BDA00D98C3E /* Release */ = {
			isa = XCBuildConfiguration;
			buildSettings = {
				ALWAYS_SEARCH_USER_PATHS = NO;
				CLANG_ANALYZER_LOCALIZABILITY_NONLOCALIZED = YES;
				CLANG_ANALYZER_NONNULL = YES;
				CLANG_ANALYZER_NUMBER_OBJECT_CONVERSION = YES_AGGRESSIVE;
				CLANG_CXX_LANGUAGE_STANDARD = "gnu++20";
				CLANG_ENABLE_MODULES = YES;
				CLANG_ENABLE_OBJC_ARC = YES;
				CLANG_ENABLE_OBJC_WEAK = YES;
				CLANG_WARN_BLOCK_CAPTURE_AUTORELEASING = YES;
				CLANG_WARN_BOOL_CONVERSION = YES;
				CLANG_WARN_COMMA = YES;
				CLANG_WARN_CONSTANT_CONVERSION = YES;
				CLANG_WARN_DEPRECATED_OBJC_IMPLEMENTATIONS = YES;
				CLANG_WARN_DIRECT_OBJC_ISA_USAGE = YES_ERROR;
				CLANG_WARN_DOCUMENTATION_COMMENTS = YES;
				CLANG_WARN_EMPTY_BODY = YES;
				CLANG_WARN_ENUM_CONVERSION = YES;
				CLANG_WARN_INFINITE_RECURSION = YES;
				CLANG_WARN_INT_CONVERSION = YES;
				CLANG_WARN_NON_LITERAL_NULL_CONVERSION = YES;
				CLANG_WARN_OBJC_IMPLICIT_RETAIN_SELF = YES;
				CLANG_WARN_OBJC_LITERAL_CONVERSION = YES;
				CLANG_WARN_OBJC_ROOT_CLASS = YES_ERROR;
				CLANG_WARN_QUOTED_INCLUDE_IN_FRAMEWORK_HEADER = YES;
				CLANG_WARN_RANGE_LOOP_ANALYSIS = YES;
				CLANG_WARN_STRICT_PROTOTYPES = YES;
				CLANG_WARN_SUSPICIOUS_MOVE = YES;
				CLANG_WARN_UNGUARDED_AVAILABILITY = YES_AGGRESSIVE;
				CLANG_WARN_UNREACHABLE_CODE = YES;
				CLANG_WARN__DUPLICATE_METHOD_MATCH = YES;
				COPY_PHASE_STRIP = NO;
				DEBUG_INFORMATION_FORMAT = "dwarf-with-dsym";
				ENABLE_NS_ASSERTIONS = NO;
				ENABLE_STRICT_OBJC_MSGSEND = YES;
				GCC_C_LANGUAGE_STANDARD = gnu11;
				GCC_NO_COMMON_BLOCKS = YES;
				GCC_WARN_64_TO_32_BIT_CONVERSION = YES;
				GCC_WARN_ABOUT_RETURN_TYPE = YES_ERROR;
				GCC_WARN_UNDECLARED_SELECTOR = YES;
				GCC_WARN_UNINITIALIZED_AUTOS = YES_AGGRESSIVE;
				GCC_WARN_UNUSED_FUNCTION = YES;
				GCC_WARN_UNUSED_VARIABLE = YES;
				IPHONEOS_DEPLOYMENT_TARGET = 16.4;
				MTL_ENABLE_DEBUG_INFO = NO;
				MTL_FAST_MATH = YES;
				SDKROOT = iphoneos;
				SWIFT_COMPILATION_MODE = wholemodule;
				SWIFT_OPTIMIZATION_LEVEL = "-O";
				VALIDATE_PRODUCT = YES;
			};
			name = Release;
		};
		0413BCCE2A0E2BDA00D98C3E /* Debug */ = {
			isa = XCBuildConfiguration;
			buildSettings = {
				ASSETCATALOG_COMPILER_APPICON_NAME = AppIcon;
				ASSETCATALOG_COMPILER_GLOBAL_ACCENT_COLOR_NAME = AccentColor;
				CODE_SIGN_STYLE = Automatic;
				CURRENT_PROJECT_VERSION = 1;
				DEVELOPMENT_TEAM = YHRZN6WSD9;
				GENERATE_INFOPLIST_FILE = YES;
				INFOPLIST_FILE = avilesnorling/Info.plist;
				INFOPLIST_KEY_LSApplicationCategoryType = "public.app-category.business";
				INFOPLIST_KEY_UIApplicationSupportsIndirectInputEvents = YES;
				INFOPLIST_KEY_UILaunchStoryboardName = LaunchScreen;
				INFOPLIST_KEY_UIMainStoryboardFile = Main;
				INFOPLIST_KEY_UISupportedInterfaceOrientations = UIInterfaceOrientationPortrait;
				LD_RUNPATH_SEARCH_PATHS = (
					"$(inherited)",
					"@executable_path/Frameworks",
				);
				MARKETING_VERSION = 1.0;
				PRODUCT_BUNDLE_IDENTIFIER = com.avilesnorling.avilesnorling;
				PRODUCT_NAME = "$(TARGET_NAME)";
				SWIFT_EMIT_LOC_STRINGS = YES;
				SWIFT_VERSION = 5.0;
				TARGETED_DEVICE_FAMILY = "1,2";
			};
			name = Debug;
		};
		0413BCCF2A0E2BDA00D98C3E /* Release */ = {
			isa = XCBuildConfiguration;
			buildSettings = {
				ASSETCATALOG_COMPILER_APPICON_NAME = AppIcon;
				ASSETCATALOG_COMPILER_GLOBAL_ACCENT_COLOR_NAME = AccentColor;
				CODE_SIGN_STYLE = Automatic;
				CURRENT_PROJECT_VERSION = 1;
				DEVELOPMENT_TEAM = YHRZN6WSD9;
				GENERATE_INFOPLIST_FILE = YES;
				INFOPLIST_FILE = avilesnorling/Info.plist;
				INFOPLIST_KEY_LSApplicationCategoryType = "public.app-category.business";
				INFOPLIST_KEY_UIApplicationSupportsIndirectInputEvents = YES;
				INFOPLIST_KEY_UILaunchStoryboardName = LaunchScreen;
				INFOPLIST_KEY_UIMainStoryboardFile = Main;
				INFOPLIST_KEY_UISupportedInterfaceOrientations = UIInterfaceOrientationPortrait;
				LD_RUNPATH_SEARCH_PATHS = (
					"$(inherited)",
					"@executable_path/Frameworks",
				);
				MARKETING_VERSION = 1.0;
				PRODUCT_BUNDLE_IDENTIFIER = com.avilesnorling.avilesnorling;
				PRODUCT_NAME = "$(TARGET_NAME)";
				SWIFT_EMIT_LOC_STRINGS = YES;
				SWIFT_VERSION = 5.0;
				TARGETED_DEVICE_FAMILY = "1,2";
			};
			name = Release;
		};
/* End XCBuildConfiguration section */

/* Begin XCConfigurationList section */
		0413BCB42A0E2BD700D98C3E /* Build configuration list for PBXProject "avilesnorling" */ = {
			isa = XCConfigurationList;
			buildConfigurations = (
				0413BCCB2A0E2BDA00D98C3E /* Debug */,
				0413BCCC2A0E2BDA00D98C3E /* Release */,
			);
			defaultConfigurationIsVisible = 0;
			defaultConfigurationName = Release;
		};
		0413BCCD2A0E2BDA00D98C3E /* Build configuration list for PBXNativeTarget "avilesnorling" */ = {
			isa = XCConfigurationList;
			buildConfigurations = (
				0413BCCE2A0E2BDA00D98C3E /* Debug */,
				0413BCCF2A0E2BDA00D98C3E /* Release */,
			);
			defaultConfigurationIsVisible = 0;
			defaultConfigurationName = Release;
		};
/* End XCConfigurationList section */

/* Begin XCRemoteSwiftPackageReference section */
		048680A32A1CD3B80042116A /* XCRemoteSwiftPackageReference "SQLite.swift" */ = {
			isa = XCRemoteSwiftPackageReference;
			repositoryURL = "https://github.com/stephencelis/SQLite.swift.git";
			requirement = {
				kind = upToNextMajorVersion;
				minimumVersion = 0.14.1;
			};
		};
		04874C162A29EC620049ECCE /* XCRemoteSwiftPackageReference "SwiftyGif" */ = {
			isa = XCRemoteSwiftPackageReference;
			repositoryURL = "https://github.com/kirualex/SwiftyGif.git";
			requirement = {
				kind = upToNextMajorVersion;
				minimumVersion = 5.0.0;
			};
		};
		048CCD0C2A1642C500742DC4 /* XCRemoteSwiftPackageReference "SDWebImage" */ = {
			isa = XCRemoteSwiftPackageReference;
			repositoryURL = "https://github.com/SDWebImage/SDWebImage.git";
			requirement = {
				kind = upToNextMajorVersion;
				minimumVersion = 5.0.0;
			};
		};
/* End XCRemoteSwiftPackageReference section */

/* Begin XCSwiftPackageProductDependency section */
		048680A42A1CD3B80042116A /* SQLite */ = {
			isa = XCSwiftPackageProductDependency;
			package = 048680A32A1CD3B80042116A /* XCRemoteSwiftPackageReference "SQLite.swift" */;
			productName = SQLite;
		};
		04874C172A29EC620049ECCE /* SwiftyGif */ = {
			isa = XCSwiftPackageProductDependency;
			package = 04874C162A29EC620049ECCE /* XCRemoteSwiftPackageReference "SwiftyGif" */;
			productName = SwiftyGif;
		};
		048CCD0D2A1642C500742DC4 /* SDWebImage */ = {
			isa = XCSwiftPackageProductDependency;
			package = 048CCD0C2A1642C500742DC4 /* XCRemoteSwiftPackageReference "SDWebImage" */;
			productName = SDWebImage;
		};
		048CCD0F2A1642C500742DC4 /* SDWebImageMapKit */ = {
			isa = XCSwiftPackageProductDependency;
			package = 048CCD0C2A1642C500742DC4 /* XCRemoteSwiftPackageReference "SDWebImage" */;
			productName = SDWebImageMapKit;
		};
/* End XCSwiftPackageProductDependency section */
	};
	rootObject = 0413BCB12A0E2BD700D98C3E /* Project object */;
}
